
Microsoft Visual Studio Solution File, Format Version 12.00
# Visual Studio Version 16
VisualStudioVersion = 16.0.33529.622
MinimumVisualStudioVersion = 10.0.40219.1
Project("{FAE04EC0-301F-11D3-BF4B-00C04F79EFBC}") = "CelestialCloudWalkerWeapons", "CelestialCloudWalkerWeapons.csproj", "{75EE1440-E7CD-4496-BDAF-DB40118CEC32}"
EndProject
Global
	GlobalSection(SolutionConfigurationPlatforms) = preSolution
		Debug|Any CPU = Debug|Any CPU
		Release|Any CPU = Release|Any CPU
	EndGlobalSection
	GlobalSection(ProjectConfigurationPlatforms) = postSolution
		{75EE1440-E7CD-4496-BDAF-DB40118CEC32}.Debug|Any CPU.ActiveCfg = Debug|Any CPU
		{75EE1440-E7CD-4496-BDAF-DB40118CEC32}.Debug|Any CPU.Build.0 = Debug|Any CPU
		{75EE1440-E7CD-4496-BDAF-DB40118CEC32}.Release|Any CPU.ActiveCfg = Release|Any CPU
		{75EE1440-E7CD-4496-BDAF-DB40118CEC32}.Release|Any CPU.Build.0 = Release|Any CPU
	EndGlobalSection
	GlobalSection(SolutionProperties) = preSolution
		HideSolutionNode = FALSE
	EndGlobalSection
	GlobalSection(ExtensibilityGlobals) = postSolution
		SolutionGuid = {0FA74E27-69F6-4673-98ED-CC2F01E00415}
	EndGlobalSection
EndGlobal
